
Microsoft Visual Studio Solution File, Format Version 12.00
# Visual Studio Version 16
VisualStudioVersion = 16.0.31229.75
MinimumVisualStudioVersion = 10.0.40219.1
Project("{FAE04EC0-301F-11D3-BF4B-00C04F79EFBC}") = "montecarlo", "montecarlo.csproj", "{E514791A-3E9A-4DF7-8F97-3CC778D19C1C}"
EndProject
Global
	GlobalSection(SolutionConfigurationPlatforms) = preSolution
		Debug|Any CPU = Debug|Any CPU
		Release|Any CPU = Release|Any CPU
	EndGlobalSection
	GlobalSection(ProjectConfigurationPlatforms) = postSolution
		{E514791A-3E9A-4DF7-8F97-3CC778D19C1C}.Debug|Any CPU.ActiveCfg = Debug|Any CPU
		{E514791A-3E9A-4DF7-8F97-3CC778D19C1C}.Debug|Any CPU.Build.0 = Debug|Any CPU
		{E514791A-3E9A-4DF7-8F97-3CC778D19C1C}.Release|Any CPU.ActiveCfg = Release|Any CPU
		{E514791A-3E9A-4DF7-8F97-3CC778D19C1C}.Release|Any CPU.Build.0 = Release|Any CPU
	EndGlobalSection
	GlobalSection(SolutionProperties) = preSolution
		HideSolutionNode = FALSE
	EndGlobalSection
	GlobalSection(ExtensibilityGlobals) = postSolution
		SolutionGuid = {901FA881-CFCA-4AE3-8556-52431931ADC0}
	EndGlobalSection
EndGlobal
